
Microsoft Visual Studio Solution File, Format Version 12.00
# Visual Studio Version 16
VisualStudioVersion = 16.0.30104.148
MinimumVisualStudioVersion = 10.0.40219.1
Project("{FAE04EC0-301F-11D3-BF4B-00C04F79EFBC}") = "MvcMovie", "MvcMovie.csproj", "{BBE6CC9B-5F43-4F1D-AAA3-111AB5EA13D4}"
EndProject
Global
	GlobalSection(SolutionConfigurationPlatforms) = preSolution
		Debug|Any CPU = Debug|Any CPU
		Release|Any CPU = Release|Any CPU
	EndGlobalSection
	GlobalSection(ProjectConfigurationPlatforms) = postSolution
		{BBE6CC9B-5F43-4F1D-AAA3-111AB5EA13D4}.Debug|Any CPU.ActiveCfg = Debug|Any CPU
		{BBE6CC9B-5F43-4F1D-AAA3-111AB5EA13D4}.Debug|Any CPU.Build.0 = Debug|Any CPU
		{BBE6CC9B-5F43-4F1D-AAA3-111AB5EA13D4}.Release|Any CPU.ActiveCfg = Release|Any CPU
		{BBE6CC9B-5F43-4F1D-AAA3-111AB5EA13D4}.Release|Any CPU.Build.0 = Release|Any CPU
	EndGlobalSection
	GlobalSection(SolutionProperties) = preSolution
		HideSolutionNode = FALSE
	EndGlobalSection
	GlobalSection(ExtensibilityGlobals) = postSolution
		SolutionGuid = {0F3752C3-6076-4356-9AB5-422003869D91}
	EndGlobalSection
EndGlobal
